
Microsoft Visual Studio Solution File, Format Version 12.00
# Visual Studio Version 17
VisualStudioVersion = 17.5.33414.496
MinimumVisualStudioVersion = 10.0.40219.1
Project("{FAE04EC0-301F-11D3-BF4B-00C04F79EFBC}") = "Conta.ConsoleApp1", "Conta.ConsoleApp1\Conta.ConsoleApp1.csproj", "{64F324AD-E0FF-45CE-B299-CDE0FC8661C9}"
EndProject
Global
	GlobalSection(SolutionConfigurationPlatforms) = preSolution
		Debug|Any CPU = Debug|Any CPU
		Release|Any CPU = Release|Any CPU
	EndGlobalSection
	GlobalSection(ProjectConfigurationPlatforms) = postSolution
		{64F324AD-E0FF-45CE-B299-CDE0FC8661C9}.Debug|Any CPU.ActiveCfg = Debug|Any CPU
		{64F324AD-E0FF-45CE-B299-CDE0FC8661C9}.Debug|Any CPU.Build.0 = Debug|Any CPU
		{64F324AD-E0FF-45CE-B299-CDE0FC8661C9}.Release|Any CPU.ActiveCfg = Release|Any CPU
		{64F324AD-E0FF-45CE-B299-CDE0FC8661C9}.Release|Any CPU.Build.0 = Release|Any CPU
	EndGlobalSection
	GlobalSection(SolutionProperties) = preSolution
		HideSolutionNode = FALSE
	EndGlobalSection
	GlobalSection(ExtensibilityGlobals) = postSolution
		SolutionGuid = {2E2535AB-F8E0-4008-9682-D025C2EF0ADC}
	EndGlobalSection
EndGlobal
